
Microsoft Visual Studio Solution File, Format Version 12.00
# Visual Studio Version 16
VisualStudioVersion = 16.0.31624.102
MinimumVisualStudioVersion = 10.0.40219.1
Project("{FAE04EC0-301F-11D3-BF4B-00C04F79EFBC}") = "ConsoleApp1", "ConsoleApp1\ConsoleApp1.csproj", "{2F18FAED-19F6-4E5A-9234-1C3D6AEEC526}"
EndProject
Global
	GlobalSection(SolutionConfigurationPlatforms) = preSolution
		Debug|Any CPU = Debug|Any CPU
		Release|Any CPU = Release|Any CPU
	EndGlobalSection
	GlobalSection(ProjectConfigurationPlatforms) = postSolution
		{2F18FAED-19F6-4E5A-9234-1C3D6AEEC526}.Debug|Any CPU.ActiveCfg = Debug|Any CPU
		{2F18FAED-19F6-4E5A-9234-1C3D6AEEC526}.Debug|Any CPU.Build.0 = Debug|Any CPU
		{2F18FAED-19F6-4E5A-9234-1C3D6AEEC526}.Release|Any CPU.ActiveCfg = Release|Any CPU
		{2F18FAED-19F6-4E5A-9234-1C3D6AEEC526}.Release|Any CPU.Build.0 = Release|Any CPU
	EndGlobalSection
	GlobalSection(SolutionProperties) = preSolution
		HideSolutionNode = FALSE
	EndGlobalSection
	GlobalSection(ExtensibilityGlobals) = postSolution
		SolutionGuid = {E4125BC8-EB87-4287-A47D-9E39CBCF095F}
	EndGlobalSection
EndGlobal
